{
  "requires": true,
  "lockfileVersion": 1,
  "dependencies": {
    "react-native-currency-formatter": {
      "version": "1.0.1",
      "resolved": "https://registry.npmjs.org/react-native-currency-formatter/-/react-native-currency-formatter-1.0.1.tgz",
      "integrity": "sha512-Co0ZJ1RAFMoNT1YOJjsh690Mrj0bZx/GQh5pkN6b3Pd1CQZkkV/ElmmUywMPo6HCLhThhE3FkzYX3TWa98BlPw=="
    }
  },
  "version": "1.0.3"
}
